
Microsoft Visual Studio Solution File, Format Version 12.00
# Visual Studio Version 16
VisualStudioVersion = 16.0.31005.135
MinimumVisualStudioVersion = 10.0.40219.1
Project("{FAE04EC0-301F-11D3-BF4B-00C04F79EFBC}") = "TP1PBO2021", "TP1PBO2021\TP1PBO2021.csproj", "{DE56319F-3ECE-491D-B7C6-B3B68769D6D5}"
EndProject
Global
	GlobalSection(SolutionConfigurationPlatforms) = preSolution
		Debug|Any CPU = Debug|Any CPU
		Release|Any CPU = Release|Any CPU
	EndGlobalSection
	GlobalSection(ProjectConfigurationPlatforms) = postSolution
		{DE56319F-3ECE-491D-B7C6-B3B68769D6D5}.Debug|Any CPU.ActiveCfg = Debug|Any CPU
		{DE56319F-3ECE-491D-B7C6-B3B68769D6D5}.Debug|Any CPU.Build.0 = Debug|Any CPU
		{DE56319F-3ECE-491D-B7C6-B3B68769D6D5}.Release|Any CPU.ActiveCfg = Release|Any CPU
		{DE56319F-3ECE-491D-B7C6-B3B68769D6D5}.Release|Any CPU.Build.0 = Release|Any CPU
	EndGlobalSection
	GlobalSection(SolutionProperties) = preSolution
		HideSolutionNode = FALSE
	EndGlobalSection
	GlobalSection(ExtensibilityGlobals) = postSolution
		SolutionGuid = {05E07F4C-1FAA-461B-9170-A811D35DF9D0}
	EndGlobalSection
EndGlobal
